{
  "name": "workspace",
  "lockfileVersion": 3,
  "requires": true,
  "packages": {
    "": {
      "dependencies": {
        "ngx-material-timepicker": "^5.5.3"
      }
    },
    "node_modules/@types/luxon": {
      "version": "1.11.1",
      "resolved": "https://registry.npmjs.org/@types/luxon/-/luxon-1.11.1.tgz",
      "integrity": "sha512-XBHQ7rzpOHyJudEQcMyoT67Np61FTb6S2jWqWQER/U7H2NAS+dpC8wv5T+6ygV5g/yJQdaojQbsJQiweool0Aw=="
    },
    "node_modules/luxon": {
      "version": "1.24.0",
      "resolved": "https://registry.npmjs.org/luxon/-/luxon-1.24.0.tgz",
      "integrity": "sha512-PNeB5cFbBtmuS137OuEdaJnCMTMPS2vz9hnM1Zl6tUIuYdtUgEhMqfVZ7yxX0jHEGx6rp757ECe7cdZxDgq2Tg==",
      "engines": {
        "node": "*"
      }
    },
    "node_modules/ngx-material-timepicker": {
      "version": "5.5.3",
      "resolved": "https://registry.npmjs.org/ngx-material-timepicker/-/ngx-material-timepicker-5.5.3.tgz",
      "integrity": "sha512-Ua6eNNNneHS8S1/3Tn2dUOnLdZ4k6MhQqvLM/eFVoeF0WF+q/uK1DAH8eAki3HW1ogq2oDWnVRSeXvvZGJldhQ==",
      "dependencies": {
        "@types/luxon": "1.11.1",
        "luxon": "1.24.0",
        "tslib": "^1.9.0"
      }
    },
    "node_modules/tslib": {
      "version": "1.14.1",
      "resolved": "https://registry.npmjs.org/tslib/-/tslib-1.14.1.tgz",
      "integrity": "sha512-Xni35NKzjgMrwevysHTCArtLDpPvye8zV/0E4EyYn43P7/7qvQwPh9BGkHewbMulVntbigmcT7rdX3BNo9wRJg=="
    }
  }
}
